// !$*UTF8*$!
{
	archiveVersion = 1;
	classes = {
	};
	objectVersion = 48;
	objects = {

/* Begin PBXBuildFile section */
		651D91721FDA124E0089C432 /* AppDelegate.swift in Sources */ = {isa = PBXBuildFile; fileRef = 651D91711FDA124E0089C432 /* AppDelegate.swift */; };
		651D91741FDA124E0089C432 /* ViewController.swift in Sources */ = {isa = PBXBuildFile; fileRef = 651D91731FDA124E0089C432 /* ViewController.swift */; };
		651D91771FDA124E0089C432 /* Main.storyboard in Resources */ = {isa = PBXBuildFile; fileRef = 651D91751FDA124E0089C432 /* Main.storyboard */; };
		651D91791FDA124E0089C432 /* Assets.xcassets in Resources */ = {isa = PBXBuildFile; fileRef = 651D91781FDA124E0089C432 /* Assets.xcassets */; };
		651D917C1FDA124E0089C432 /* LaunchScreen.storyboard in Resources */ = {isa = PBXBuildFile; fileRef = 651D917A1FDA124E0089C432 /* LaunchScreen.storyboard */; };
		651D91871FDA124E0089C432 /* AvailabilityBatcherTests.swift in Sources */ = {isa = PBXBuildFile; fileRef = 651D91861FDA124E0089C432 /* AvailabilityBatcherTests.swift */; };
		651D91921FDA12780089C432 /* Sources.swift in Sources */ = {isa = PBXBuildFile; fileRef = 651D91911FDA12780089C432 /* Sources.swift */; };
		654BCB641FDB262B00676D74 /* AvailabilityManagerTests.swift in Sources */ = {isa = PBXBuildFile; fileRef = 654BCB631FDB262B00676D74 /* AvailabilityManagerTests.swift */; };
/* End PBXBuildFile section */

/* Begin PBXContainerItemProxy section */
		651D91831FDA124E0089C432 /* PBXContainerItemProxy */ = {
			isa = PBXContainerItemProxy;
			containerPortal = 651D91661FDA124E0089C432 /* Project object */;
			proxyType = 1;
			remoteGlobalIDString = 651D916D1FDA124E0089C432;
			remoteInfo = AvailabilityProject;
		};
/* End PBXContainerItemProxy section */

/* Begin PBXFileReference section */
		651D916E1FDA124E0089C432 /* AvailabilityProject.app */ = {isa = PBXFileReference; explicitFileType = wrapper.application; includeInIndex = 0; path = AvailabilityProject.app; sourceTree = BUILT_PRODUCTS_DIR; };
		651D91711FDA124E0089C432 /* AppDelegate.swift */ = {isa = PBXFileReference; lastKnownFileType = sourcecode.swift; path = AppDelegate.swift; sourceTree = "<group>"; };
		651D91731FDA124E0089C432 /* ViewController.swift */ = {isa = PBXFileReference; lastKnownFileType = sourcecode.swift; path = ViewController.swift; sourceTree = "<group>"; };
		651D91761FDA124E0089C432 /* Base */ = {isa = PBXFileReference; lastKnownFileType = file.storyboard; name = Base; path = Base.lproj/Main.storyboard; sourceTree = "<group>"; };
		651D91781FDA124E0089C432 /* Assets.xcassets */ = {isa = PBXFileReference; lastKnownFileType = folder.assetcatalog; path = Assets.xcassets; sourceTree = "<group>"; };
		651D917B1FDA124E0089C432 /* Base */ = {isa = PBXFileReference; lastKnownFileType = file.storyboard; name = Base; path = Base.lproj/LaunchScreen.storyboard; sourceTree = "<group>"; };
		651D917D1FDA124E0089C432 /* Info.plist */ = {isa = PBXFileReference; lastKnownFileType = text.plist.xml; path = Info.plist; sourceTree = "<group>"; };
		651D91821FDA124E0089C432 /* AvailabilityProjectTests.xctest */ = {isa = PBXFileReference; explicitFileType = wrapper.cfbundle; includeInIndex = 0; path = AvailabilityProjectTests.xctest; sourceTree = BUILT_PRODUCTS_DIR; };
		651D91861FDA124E0089C432 /* AvailabilityBatcherTests.swift */ = {isa = PBXFileReference; lastKnownFileType = sourcecode.swift; path = AvailabilityBatcherTests.swift; sourceTree = "<group>"; };
		651D91881FDA124E0089C432 /* Info.plist */ = {isa = PBXFileReference; lastKnownFileType = text.plist.xml; path = Info.plist; sourceTree = "<group>"; };
		651D91911FDA12780089C432 /* Sources.swift */ = {isa = PBXFileReference; lastKnownFileType = sourcecode.swift; path = Sources.swift; sourceTree = "<group>"; };
		654BCB631FDB262B00676D74 /* AvailabilityManagerTests.swift */ = {isa = PBXFileReference; lastKnownFileType = sourcecode.swift; path = AvailabilityManagerTests.swift; sourceTree = "<group>"; };
/* End PBXFileReference section */

/* Begin PBXFrameworksBuildPhase section */
		651D916B1FDA124E0089C432 /* Frameworks */ = {
			isa = PBXFrameworksBuildPhase;
			buildActionMask = 2147483647;
			files = (
			);
			runOnlyForDeploymentPostprocessing = 0;
		};
		651D917F1FDA124E0089C432 /* Frameworks */ = {
			isa = PBXFrameworksBuildPhase;
			buildActionMask = 2147483647;
			files = (
			);
			runOnlyForDeploymentPostprocessing = 0;
		};
/* End PBXFrameworksBuildPhase section */

/* Begin PBXGroup section */
		651D91651FDA124E0089C432 = {
			isa = PBXGroup;
			children = (
				651D91701FDA124E0089C432 /* AvailabilityProject */,
				651D91851FDA124E0089C432 /* AvailabilityProjectTests */,
				651D916F1FDA124E0089C432 /* Products */,
			);
			sourceTree = "<group>";
		};
		651D916F1FDA124E0089C432 /* Products */ = {
			isa = PBXGroup;
			children = (
				651D916E1FDA124E0089C432 /* AvailabilityProject.app */,
				651D91821FDA124E0089C432 /* AvailabilityProjectTests.xctest */,
			);
			name = Products;
			sourceTree = "<group>";
		};
		651D91701FDA124E0089C432 /* AvailabilityProject */ = {
			isa = PBXGroup;
			children = (
				651D91711FDA124E0089C432 /* AppDelegate.swift */,
				651D91731FDA124E0089C432 /* ViewController.swift */,
				651D91751FDA124E0089C432 /* Main.storyboard */,
				651D91781FDA124E0089C432 /* Assets.xcassets */,
				651D917A1FDA124E0089C432 /* LaunchScreen.storyboard */,
				651D917D1FDA124E0089C432 /* Info.plist */,
				651D91911FDA12780089C432 /* Sources.swift */,
			);
			path = AvailabilityProject;
			sourceTree = "<group>";
		};
		651D91851FDA124E0089C432 /* AvailabilityProjectTests */ = {
			isa = PBXGroup;
			children = (
				651D91861FDA124E0089C432 /* AvailabilityBatcherTests.swift */,
				654BCB631FDB262B00676D74 /* AvailabilityManagerTests.swift */,
				651D91881FDA124E0089C432 /* Info.plist */,
			);
			path = AvailabilityProjectTests;
			sourceTree = "<group>";
		};
/* End PBXGroup section */

/* Begin PBXNativeTarget section */
		651D916D1FDA124E0089C432 /* AvailabilityProject */ = {
			isa = PBXNativeTarget;
			buildConfigurationList = 651D918B1FDA124E0089C432 /* Build configuration list for PBXNativeTarget "AvailabilityProject" */;
			buildPhases = (
				651D916A1FDA124E0089C432 /* Sources */,
				651D916B1FDA124E0089C432 /* Frameworks */,
				651D916C1FDA124E0089C432 /* Resources */,
			);
			buildRules = (
			);
			dependencies = (
			);
			name = AvailabilityProject;
			productName = AvailabilityProject;
			productReference = 651D916E1FDA124E0089C432 /* AvailabilityProject.app */;
			productType = "com.apple.product-type.application";
		};
		651D91811FDA124E0089C432 /* AvailabilityProjectTests */ = {
			isa = PBXNativeTarget;
			buildConfigurationList = 651D918E1FDA124E0089C432 /* Build configuration list for PBXNativeTarget "AvailabilityProjectTests" */;
			buildPhases = (
				651D917E1FDA124E0089C432 /* Sources */,
				651D917F1FDA124E0089C432 /* Frameworks */,
				651D91801FDA124E0089C432 /* Resources */,
			);
			buildRules = (
			);
			dependencies = (
				651D91841FDA124E0089C432 /* PBXTargetDependency */,
			);
			name = AvailabilityProjectTests;
			productName = AvailabilityProjectTests;
			productReference = 651D91821FDA124E0089C432 /* AvailabilityProjectTests.xctest */;
			productType = "com.apple.product-type.bundle.unit-test";
		};
/* End PBXNativeTarget section */

/* Begin PBXProject section */
		651D91661FDA124E0089C432 /* Project object */ = {
			isa = PBXProject;
			attributes = {
				LastSwiftUpdateCheck = 0900;
				LastUpgradeCheck = 0900;
				ORGANIZATIONNAME = mobileforming;
				TargetAttributes = {
					651D916D1FDA124E0089C432 = {
						CreatedOnToolsVersion = 9.0;
						ProvisioningStyle = Automatic;
					};
					651D91811FDA124E0089C432 = {
						CreatedOnToolsVersion = 9.0;
						ProvisioningStyle = Automatic;
						TestTargetID = 651D916D1FDA124E0089C432;
					};
				};
			};
			buildConfigurationList = 651D91691FDA124E0089C432 /* Build configuration list for PBXProject "AvailabilityProject" */;
			compatibilityVersion = "Xcode 8.0";
			developmentRegion = en;
			hasScannedForEncodings = 0;
			knownRegions = (
				en,
				Base,
			);
			mainGroup = 651D91651FDA124E0089C432;
			productRefGroup = 651D916F1FDA124E0089C432 /* Products */;
			projectDirPath = "";
			projectRoot = "";
			targets = (
				651D916D1FDA124E0089C432 /* AvailabilityProject */,
				651D91811FDA124E0089C432 /* AvailabilityProjectTests */,
			);
		};
/* End PBXProject section */

/* Begin PBXResourcesBuildPhase section */
		651D916C1FDA124E0089C432 /* Resources */ = {
			isa = PBXResourcesBuildPhase;
			buildActionMask = 2147483647;
			files = (
				651D917C1FDA124E0089C432 /* LaunchScreen.storyboard in Resources */,
				651D91791FDA124E0089C432 /* Assets.xcassets in Resources */,
				651D91771FDA124E0089C432 /* Main.storyboard in Resources */,
			);
			runOnlyForDeploymentPostprocessing = 0;
		};
		651D91801FDA124E0089C432 /* Resources */ = {
			isa = PBXResourcesBuildPhase;
			buildActionMask = 2147483647;
			files = (
			);
			runOnlyForDeploymentPostprocessing = 0;
		};
/* End PBXResourcesBuildPhase section */

/* Begin PBXSourcesBuildPhase section */
		651D916A1FDA124E0089C432 /* Sources */ = {
			isa = PBXSourcesBuildPhase;
			buildActionMask = 2147483647;
			files = (
				651D91921FDA12780089C432 /* Sources.swift in Sources */,
				651D91741FDA124E0089C432 /* ViewController.swift in Sources */,
				651D91721FDA124E0089C432 /* AppDelegate.swift in Sources */,
			);
			runOnlyForDeploymentPostprocessing = 0;
		};
		651D917E1FDA124E0089C432 /* Sources */ = {
			isa = PBXSourcesBuildPhase;
			buildActionMask = 2147483647;
			files = (
				654BCB641FDB262B00676D74 /* AvailabilityManagerTests.swift in Sources */,
				651D91871FDA124E0089C432 /* AvailabilityBatcherTests.swift in Sources */,
			);
			runOnlyForDeploymentPostprocessing = 0;
		};
/* End PBXSourcesBuildPhase section */

/* Begin PBXTargetDependency section */
		651D91841FDA124E0089C432 /* PBXTargetDependency */ = {
			isa = PBXTargetDependency;
			target = 651D916D1FDA124E0089C432 /* AvailabilityProject */;
			targetProxy = 651D91831FDA124E0089C432 /* PBXContainerItemProxy */;
		};
/* End PBXTargetDependency section */

/* Begin PBXVariantGroup section */
		651D91751FDA124E0089C432 /* Main.storyboard */ = {
			isa = PBXVariantGroup;
			children = (
				651D91761FDA124E0089C432 /* Base */,
			);
			name = Main.storyboard;
			sourceTree = "<group>";
		};
		651D917A1FDA124E0089C432 /* LaunchScreen.storyboard */ = {
			isa = PBXVariantGroup;
			children = (
				651D917B1FDA124E0089C432 /* Base */,
			);
			name = LaunchScreen.storyboard;
			sourceTree = "<group>";
		};
/* End PBXVariantGroup section */

/* Begin XCBuildConfiguration section */
		651D91891FDA124E0089C432 /* Debug */ = {
			isa = XCBuildConfiguration;
			buildSettings = {
				ALWAYS_SEARCH_USER_PATHS = NO;
				CLANG_ANALYZER_NONNULL = YES;
				CLANG_ANALYZER_NUMBER_OBJECT_CONVERSION = YES_AGGRESSIVE;
				CLANG_CXX_LANGUAGE_STANDARD = "gnu++14";
				CLANG_CXX_LIBRARY = "libc++";
				CLANG_ENABLE_MODULES = YES;
				CLANG_ENABLE_OBJC_ARC = YES;
				CLANG_WARN_BLOCK_CAPTURE_AUTORELEASING = YES;
				CLANG_WARN_BOOL_CONVERSION = YES;
				CLANG_WARN_COMMA = YES;
				CLANG_WARN_CONSTANT_CONVERSION = YES;
				CLANG_WARN_DIRECT_OBJC_ISA_USAGE = YES_ERROR;
				CLANG_WARN_DOCUMENTATION_COMMENTS = YES;
				CLANG_WARN_EMPTY_BODY = YES;
				CLANG_WARN_ENUM_CONVERSION = YES;
				CLANG_WARN_INFINITE_RECURSION = YES;
				CLANG_WARN_INT_CONVERSION = YES;
				CLANG_WARN_NON_LITERAL_NULL_CONVERSION = YES;
				CLANG_WARN_OBJC_LITERAL_CONVERSION = YES;
				CLANG_WARN_OBJC_ROOT_CLASS = YES_ERROR;
				CLANG_WARN_RANGE_LOOP_ANALYSIS = YES;
				CLANG_WARN_STRICT_PROTOTYPES = YES;
				CLANG_WARN_SUSPICIOUS_MOVE = YES;
				CLANG_WARN_UNGUARDED_AVAILABILITY = YES_AGGRESSIVE;
				CLANG_WARN_UNREACHABLE_CODE = YES;
				CLANG_WARN__DUPLICATE_METHOD_MATCH = YES;
				CODE_SIGN_IDENTITY = "iPhone Developer";
				COPY_PHASE_STRIP = NO;
				DEBUG_INFORMATION_FORMAT = dwarf;
				ENABLE_STRICT_OBJC_MSGSEND = YES;
				ENABLE_TESTABILITY = YES;
				GCC_C_LANGUAGE_STANDARD = gnu11;
				GCC_DYNAMIC_NO_PIC = NO;
				GCC_NO_COMMON_BLOCKS = YES;
				GCC_OPTIMIZATION_LEVEL = 0;
				GCC_PREPROCESSOR_DEFINITIONS = (
					"DEBUG=1",
					"$(inherited)",
				);
				GCC_WARN_64_TO_32_BIT_CONVERSION = YES;
				GCC_WARN_ABOUT_RETURN_TYPE = YES_ERROR;
				GCC_WARN_UNDECLARED_SELECTOR = YES;
				GCC_WARN_UNINITIALIZED_AUTOS = YES_AGGRESSIVE;
				GCC_WARN_UNUSED_FUNCTION = YES;
				GCC_WARN_UNUSED_VARIABLE = YES;
				IPHONEOS_DEPLOYMENT_TARGET = 11.0;
				MTL_ENABLE_DEBUG_INFO = YES;
				ONLY_ACTIVE_ARCH = YES;
				SDKROOT = iphoneos;
				SWIFT_ACTIVE_COMPILATION_CONDITIONS = DEBUG;
				SWIFT_OPTIMIZATION_LEVEL = "-Onone";
			};
			name = Debug;
		};
		651D918A1FDA124E0089C432 /* Release */ = {
			isa = XCBuildConfiguration;
			buildSettings = {
				ALWAYS_SEARCH_USER_PATHS = NO;
				CLANG_ANALYZER_NONNULL = YES;
				CLANG_ANALYZER_NUMBER_OBJECT_CONVERSION = YES_AGGRESSIVE;
				CLANG_CXX_LANGUAGE_STANDARD = "gnu++14";
				CLANG_CXX_LIBRARY = "libc++";
				CLANG_ENABLE_MODULES = YES;
				CLANG_ENABLE_OBJC_ARC = YES;
				CLANG_WARN_BLOCK_CAPTURE_AUTORELEASING = YES;
				CLANG_WARN_BOOL_CONVERSION = YES;
				CLANG_WARN_COMMA = YES;
				CLANG_WARN_CONSTANT_CONVERSION = YES;
				CLANG_WARN_DIRECT_OBJC_ISA_USAGE = YES_ERROR;
				CLANG_WARN_DOCUMENTATION_COMMENTS = YES;
				CLANG_WARN_EMPTY_BODY = YES;
				CLANG_WARN_ENUM_CONVERSION = YES;
				CLANG_WARN_INFINITE_RECURSION = YES;
				CLANG_WARN_INT_CONVERSION = YES;
				CLANG_WARN_NON_LITERAL_NULL_CONVERSION = YES;
				CLANG_WARN_OBJC_LITERAL_CONVERSION = YES;
				CLANG_WARN_OBJC_ROOT_CLASS = YES_ERROR;
				CLANG_WARN_RANGE_LOOP_ANALYSIS = YES;
				CLANG_WARN_STRICT_PROTOTYPES = YES;
				CLANG_WARN_SUSPICIOUS_MOVE = YES;
				CLANG_WARN_UNGUARDED_AVAILABILITY = YES_AGGRESSIVE;
				CLANG_WARN_UNREACHABLE_CODE = YES;
				CLANG_WARN__DUPLICATE_METHOD_MATCH = YES;
				CODE_SIGN_IDENTITY = "iPhone Developer";
				COPY_PHASE_STRIP = NO;
				DEBUG_INFORMATION_FORMAT = "dwarf-with-dsym";
				ENABLE_NS_ASSERTIONS = NO;
				ENABLE_STRICT_OBJC_MSGSEND = YES;
				GCC_C_LANGUAGE_STANDARD = gnu11;
				GCC_NO_COMMON_BLOCKS = YES;
				GCC_WARN_64_TO_32_BIT_CONVERSION = YES;
				GCC_WARN_ABOUT_RETURN_TYPE = YES_ERROR;
				GCC_WARN_UNDECLARED_SELECTOR = YES;
				GCC_WARN_UNINITIALIZED_AUTOS = YES_AGGRESSIVE;
				GCC_WARN_UNUSED_FUNCTION = YES;
				GCC_WARN_UNUSED_VARIABLE = YES;
				IPHONEOS_DEPLOYMENT_TARGET = 11.0;
				MTL_ENABLE_DEBUG_INFO = NO;
				SDKROOT = iphoneos;
				SWIFT_OPTIMIZATION_LEVEL = "-Owholemodule";
				VALIDATE_PRODUCT = YES;
			};
			name = Release;
		};
		651D918C1FDA124E0089C432 /* Debug */ = {
			isa = XCBuildConfiguration;
			buildSettings = {
				ASSETCATALOG_COMPILER_APPICON_NAME = AppIcon;
				CODE_SIGN_STYLE = Automatic;
				DEVELOPMENT_TEAM = 45BQ97BH8P;
				INFOPLIST_FILE = AvailabilityProject/Info.plist;
				LD_RUNPATH_SEARCH_PATHS = "$(inherited) @executable_path/Frameworks";
				PRODUCT_BUNDLE_IDENTIFIER = com.mobileforming.AvailabilityProject;
				PRODUCT_NAME = "$(TARGET_NAME)";
				SWIFT_VERSION = 4.0;
				TARGETED_DEVICE_FAMILY = "1,2";
			};
			name = Debug;
		};
		651D918D1FDA124E0089C432 /* Release */ = {
			isa = XCBuildConfiguration;
			buildSettings = {
				ASSETCATALOG_COMPILER_APPICON_NAME = AppIcon;
				CODE_SIGN_STYLE = Automatic;
				DEVELOPMENT_TEAM = 45BQ97BH8P;
				INFOPLIST_FILE = AvailabilityProject/Info.plist;
				LD_RUNPATH_SEARCH_PATHS = "$(inherited) @executable_path/Frameworks";
				PRODUCT_BUNDLE_IDENTIFIER = com.mobileforming.AvailabilityProject;
				PRODUCT_NAME = "$(TARGET_NAME)";
				SWIFT_VERSION = 4.0;
				TARGETED_DEVICE_FAMILY = "1,2";
			};
			name = Release;
		};
		651D918F1FDA124E0089C432 /* Debug */ = {
			isa = XCBuildConfiguration;
			buildSettings = {
				ALWAYS_EMBED_SWIFT_STANDARD_LIBRARIES = YES;
				BUNDLE_LOADER = "$(TEST_HOST)";
				CODE_SIGN_STYLE = Automatic;
				DEVELOPMENT_TEAM = 45BQ97BH8P;
				INFOPLIST_FILE = AvailabilityProjectTests/Info.plist;
				LD_RUNPATH_SEARCH_PATHS = "$(inherited) @executable_path/Frameworks @loader_path/Frameworks";
				PRODUCT_BUNDLE_IDENTIFIER = com.mobileforming.AvailabilityProjectTests;
				PRODUCT_NAME = "$(TARGET_NAME)";
				SWIFT_VERSION = 4.0;
				TARGETED_DEVICE_FAMILY = "1,2";
				TEST_HOST = "$(BUILT_PRODUCTS_DIR)/AvailabilityProject.app/AvailabilityProject";
			};
			name = Debug;
		};
		651D91901FDA124E0089C432 /* Release */ = {
			isa = XCBuildConfiguration;
			buildSettings = {
				ALWAYS_EMBED_SWIFT_STANDARD_LIBRARIES = YES;
				BUNDLE_LOADER = "$(TEST_HOST)";
				CODE_SIGN_STYLE = Automatic;
				DEVELOPMENT_TEAM = 45BQ97BH8P;
				INFOPLIST_FILE = AvailabilityProjectTests/Info.plist;
				LD_RUNPATH_SEARCH_PATHS = "$(inherited) @executable_path/Frameworks @loader_path/Frameworks";
				PRODUCT_BUNDLE_IDENTIFIER = com.mobileforming.AvailabilityProjectTests;
				PRODUCT_NAME = "$(TARGET_NAME)";
				SWIFT_VERSION = 4.0;
				TARGETED_DEVICE_FAMILY = "1,2";
				TEST_HOST = "$(BUILT_PRODUCTS_DIR)/AvailabilityProject.app/AvailabilityProject";
			};
			name = Release;
		};
/* End XCBuildConfiguration section */

/* Begin XCConfigurationList section */
		651D91691FDA124E0089C432 /* Build configuration list for PBXProject "AvailabilityProject" */ = {
			isa = XCConfigurationList;
			buildConfigurations = (
				651D91891FDA124E0089C432 /* Debug */,
				651D918A1FDA124E0089C432 /* Release */,
			);
			defaultConfigurationIsVisible = 0;
			defaultConfigurationName = Release;
		};
		651D918B1FDA124E0089C432 /* Build configuration list for PBXNativeTarget "AvailabilityProject" */ = {
			isa = XCConfigurationList;
			buildConfigurations = (
				651D918C1FDA124E0089C432 /* Debug */,
				651D918D1FDA124E0089C432 /* Release */,
			);
			defaultConfigurationIsVisible = 0;
			defaultConfigurationName = Release;
		};
		651D918E1FDA124E0089C432 /* Build configuration list for PBXNativeTarget "AvailabilityProjectTests" */ = {
			isa = XCConfigurationList;
			buildConfigurations = (
				651D918F1FDA124E0089C432 /* Debug */,
				651D91901FDA124E0089C432 /* Release */,
			);
			defaultConfigurationIsVisible = 0;
			defaultConfigurationName = Release;
		};
/* End XCConfigurationList section */
	};
	rootObject = 651D91661FDA124E0089C432 /* Project object */;
}
